
Microsoft Visual Studio Solution File, Format Version 12.00
# Visual Studio Version 16
VisualStudioVersion = 16.0.30503.244
MinimumVisualStudioVersion = 10.0.40219.1
Project("{FAE04EC0-301F-11D3-BF4B-00C04F79EFBC}") = "OgrenciUygulamasi", "OgrenciUygulamasi.csproj", "{52522373-22AA-475D-AD5E-4DEF9292ADA3}"
EndProject
Global
	GlobalSection(SolutionConfigurationPlatforms) = preSolution
		Debug|Any CPU = Debug|Any CPU
		Release|Any CPU = Release|Any CPU
	EndGlobalSection
	GlobalSection(ProjectConfigurationPlatforms) = postSolution
		{52522373-22AA-475D-AD5E-4DEF9292ADA3}.Debug|Any CPU.ActiveCfg = Debug|Any CPU
		{52522373-22AA-475D-AD5E-4DEF9292ADA3}.Debug|Any CPU.Build.0 = Debug|Any CPU
		{52522373-22AA-475D-AD5E-4DEF9292ADA3}.Release|Any CPU.ActiveCfg = Release|Any CPU
		{52522373-22AA-475D-AD5E-4DEF9292ADA3}.Release|Any CPU.Build.0 = Release|Any CPU
	EndGlobalSection
	GlobalSection(SolutionProperties) = preSolution
		HideSolutionNode = FALSE
	EndGlobalSection
	GlobalSection(ExtensibilityGlobals) = postSolution
		SolutionGuid = {4AA91860-3CAF-4BDA-BAD7-8742298D310A}
	EndGlobalSection
EndGlobal
